
Microsoft Visual Studio Solution File, Format Version 12.00
# Visual Studio Version 17
VisualStudioVersion = 17.11.35303.130
MinimumVisualStudioVersion = 10.0.40219.1
Project("{2150E333-8FDC-42A3-9474-1A3956D46DE8}") = "Task0", "Task0", "{983157F8-B2FD-4CF6-B9D6-8D0F6C8014CA}"
EndProject
Project("{FAE04EC0-301F-11D3-BF4B-00C04F79EFBC}") = "Tyuiu.AkhmedullovRR.Sprint0.Task0", "Tyuiu.AkhmedullovRR.Sprint0.Task0\Tyuiu.AkhmedullovRR.Sprint0.Task0.csproj", "{21106D67-515F-4B39-A9F0-E7FD26373FE7}"
EndProject
Project("{2150E333-8FDC-42A3-9474-1A3956D46DE8}") = "Task1", "Task1", "{867FAFF7-D4C4-42AF-958B-B08DB7683EF0}"
EndProject
Project("{FAE04EC0-301F-11D3-BF4B-00C04F79EFBC}") = "Tyuiu.AkhmedullovRR.Sprint0.Task1.V0", "Tyuiu.AkhmedullovRR.Sprint0.Task1.V0\Tyuiu.AkhmedullovRR.Sprint0.Task1.V0.csproj", "{C2770B65-46F6-42B5-81FF-7C097AC26024}"
EndProject
Project("{2150E333-8FDC-42A3-9474-1A3956D46DE8}") = "Task2", "Task2", "{2A82A1C6-B2B8-4F28-98CD-B32F70F5F0CA}"
EndProject
Project("{FAE04EC0-301F-11D3-BF4B-00C04F79EFBC}") = "Tyuiu.AkhmedullovRR.Sprint0.Task2.V0", "Tyiui.AkhmedullovRR.Task2.V0\Tyuiu.AkhmedullovRR.Sprint0.Task2.V0.csproj", "{485A380F-7E42-4A24-8D09-85634E25B245}"
EndProject
Project("{FAE04EC0-301F-11D3-BF4B-00C04F79EFBC}") = "Tyuiu.AkhmedullovRR.Sprint0.Task2.V0.Lib", "Tyuiu.AkhmedullovRR.Sprint0.Task2.V0.Lib\Tyuiu.AkhmedullovRR.Sprint0.Task2.V0.Lib.csproj", "{878E3129-61A9-4E3B-81E8-FF0BAFB740E9}"
EndProject
Project("{FAE04EC0-301F-11D3-BF4B-00C04F79EFBC}") = "Tyuiu.AkhmedullovRR.Sptint0.Task2.V0.Test", "Tyuiu.AkhmedullovRR.Sptint0.Task2.V0.Test\Tyuiu.AkhmedullovRR.Sptint0.Task2.V0.Test.csproj", "{7CB11ED6-231C-44A1-B0D9-C460D465A410}"
EndProject
Project("{2150E333-8FDC-42A3-9474-1A3956D46DE8}") = "Task3", "Task3", "{A43F69F5-7EBA-48E7-B7CB-8DFA30562674}"
EndProject
Project("{FAE04EC0-301F-11D3-BF4B-00C04F79EFBC}") = "Tyuiu.AkhmedullovRR.Sprint0.Task3.V0", "Tyuiu.AkhmedullovRR.Sprint0.Task3.V0\Tyuiu.AkhmedullovRR.Sprint0.Task3.V0.csproj", "{D497E1ED-C394-4486-8813-E3339079B086}"
EndProject
Project("{FAE04EC0-301F-11D3-BF4B-00C04F79EFBC}") = "Tyuiu.AkhmedullovRR.Sprint0.Task3.V0.Lib", "Tyuiu.AkhmedullovRR.Sprint0.V0.Lib\Tyuiu.AkhmedullovRR.Sprint0.Task3.V0.Lib.csproj", "{4CE81209-DE87-42F5-99CB-871164B33524}"
EndProject
Project("{FAE04EC0-301F-11D3-BF4B-00C04F79EFBC}") = "Tyuiu.AkhmedullovRR.Sprint0.Task3.V0.Test", "Tyuiu.AkhmedullovRR.Sprint0.Task3.V0.Test\Tyuiu.AkhmedullovRR.Sprint0.Task3.V0.Test.csproj", "{32786103-DA32-4D4B-B406-FB2F77EB92E6}"
EndProject
Project("{2150E333-8FDC-42A3-9474-1A3956D46DE8}") = "Task4", "Task4", "{1BB737AD-49B6-4B08-AEEF-2679A70332FB}"
EndProject
Project("{FAE04EC0-301F-11D3-BF4B-00C04F79EFBC}") = "Tyuiu.AkhmedullovRR.Sprint0.Task4.V0", "Tyuiu.AkhmedullovRR.Sprint0.Task4.V0\Tyuiu.AkhmedullovRR.Sprint0.Task4.V0.csproj", "{F794B0EA-A47E-4351-B7C6-AD5C816E60D4}"
EndProject
Project("{FAE04EC0-301F-11D3-BF4B-00C04F79EFBC}") = "Tyuiu.AkhmedullovRR.Sprint0.Task4.V0.Lib", "Tyuiu.AkhmedullovRR.Sprint0.V0.Task4.Lib\Tyuiu.AkhmedullovRR.Sprint0.Task4.V0.Lib.csproj", "{BF30D87E-8A91-4635-8AE9-E9320C030C58}"
EndProject
Project("{FAE04EC0-301F-11D3-BF4B-00C04F79EFBC}") = "Tyuiu.AkhmedullovRR.Sprint0.Task4.V0.Test", "Tyuiu.AkhmedullovRR.Sprint0.Task4.V0.Test\Tyuiu.AkhmedullovRR.Sprint0.Task4.V0.Test.csproj", "{5EE18857-1E7B-40E2-869B-3A06DF626DFB}"
EndProject
Project("{2150E333-8FDC-42A3-9474-1A3956D46DE8}") = "Task5", "Task5", "{61312E25-00B9-4803-B96D-C3A71F645EFD}"
EndProject
Project("{FAE04EC0-301F-11D3-BF4B-00C04F79EFBC}") = "Tyuiu.AkhmedullovRR.Sprint0.Task5.V0.Test", "Tyuiu.AkhmedullovRR.Sprint0.Task5.V0.Test\Tyuiu.AkhmedullovRR.Sprint0.Task5.V0.Test.csproj", "{B0CA2E04-1D2E-43BF-9DED-09B2AEE033D9}"
EndProject
Project("{FAE04EC0-301F-11D3-BF4B-00C04F79EFBC}") = "Tyuiu.AkhmedullovRR.Sprint0.Task5.V0", "Tyuiu.AkhmedullovRR.Sprint0.Task5.V0\Tyuiu.AkhmedullovRR.Sprint0.Task5.V0.csproj", "{65EC0F0D-9F22-4263-B665-139401F0F81D}"
EndProject
Project("{FAE04EC0-301F-11D3-BF4B-00C04F79EFBC}") = "Tyuiu.AkhmedullovRR.Sprint0.Task5.V0.Lib", "Tyuiu.AkhmedullovRR.Sprint0.Task5.V0.Lib\Tyuiu.AkhmedullovRR.Sprint0.Task5.V0.Lib.csproj", "{92D2CAA9-B5E4-48D2-9E77-AD2E29310B1B}"
EndProject
Project("{2150E333-8FDC-42A3-9474-1A3956D46DE8}") = "Task6", "Task6", "{ADAA1224-3583-436D-921F-502DDE078BBE}"
EndProject
Project("{FAE04EC0-301F-11D3-BF4B-00C04F79EFBC}") = "Tyuiu.AkhmedullovRR.Sprint0.Task6.V0.Lib", "Tyuiu.AkhmedullovRR.Sprint0.Task6V0.Lib\Tyuiu.AkhmedullovRR.Sprint0.Task6.V0.Lib.csproj", "{E958D136-311F-48C5-A79F-3D1B5A4EDEC7}"
EndProject
Project("{FAE04EC0-301F-11D3-BF4B-00C04F79EFBC}") = "Tyuiu.AkhmedullovRR.Sprint0.Task6.V0", "Tyuiu.AkhmedullovRR.Sprint0.Task6.V0\Tyuiu.AkhmedullovRR.Sprint0.Task6.V0.csproj", "{3900D364-B07C-4D22-AF5D-88E880FB9CC9}"
EndProject
Project("{FAE04EC0-301F-11D3-BF4B-00C04F79EFBC}") = "Tyuiu.AkhmedullovRR.Sprint0.Task6.V0.Test", "Tyuiu.AkhmedullovRR.Sprint0.Task6.V0.Test\Tyuiu.AkhmedullovRR.Sprint0.Task6.V0.Test.csproj", "{8746FBF9-1757-4797-893D-99A6C263D52B}"
EndProject
Global
	GlobalSection(SolutionConfigurationPlatforms) = preSolution
		Debug|Any CPU = Debug|Any CPU
		Release|Any CPU = Release|Any CPU
	EndGlobalSection
	GlobalSection(ProjectConfigurationPlatforms) = postSolution
		{21106D67-515F-4B39-A9F0-E7FD26373FE7}.Debug|Any CPU.ActiveCfg = Debug|Any CPU
		{21106D67-515F-4B39-A9F0-E7FD26373FE7}.Debug|Any CPU.Build.0 = Debug|Any CPU
		{21106D67-515F-4B39-A9F0-E7FD26373FE7}.Release|Any CPU.ActiveCfg = Release|Any CPU
		{21106D67-515F-4B39-A9F0-E7FD26373FE7}.Release|Any CPU.Build.0 = Release|Any CPU
		{C2770B65-46F6-42B5-81FF-7C097AC26024}.Debug|Any CPU.ActiveCfg = Debug|Any CPU
		{C2770B65-46F6-42B5-81FF-7C097AC26024}.Debug|Any CPU.Build.0 = Debug|Any CPU
		{C2770B65-46F6-42B5-81FF-7C097AC26024}.Release|Any CPU.ActiveCfg = Release|Any CPU
		{C2770B65-46F6-42B5-81FF-7C097AC26024}.Release|Any CPU.Build.0 = Release|Any CPU
		{485A380F-7E42-4A24-8D09-85634E25B245}.Debug|Any CPU.ActiveCfg = Debug|Any CPU
		{485A380F-7E42-4A24-8D09-85634E25B245}.Debug|Any CPU.Build.0 = Debug|Any CPU
		{485A380F-7E42-4A24-8D09-85634E25B245}.Release|Any CPU.ActiveCfg = Release|Any CPU
		{485A380F-7E42-4A24-8D09-85634E25B245}.Release|Any CPU.Build.0 = Release|Any CPU
		{878E3129-61A9-4E3B-81E8-FF0BAFB740E9}.Debug|Any CPU.ActiveCfg = Debug|Any CPU
		{878E3129-61A9-4E3B-81E8-FF0BAFB740E9}.Debug|Any CPU.Build.0 = Debug|Any CPU
		{878E3129-61A9-4E3B-81E8-FF0BAFB740E9}.Release|Any CPU.ActiveCfg = Release|Any CPU
		{878E3129-61A9-4E3B-81E8-FF0BAFB740E9}.Release|Any CPU.Build.0 = Release|Any CPU
		{7CB11ED6-231C-44A1-B0D9-C460D465A410}.Debug|Any CPU.ActiveCfg = Debug|Any CPU
		{7CB11ED6-231C-44A1-B0D9-C460D465A410}.Debug|Any CPU.Build.0 = Debug|Any CPU
		{7CB11ED6-231C-44A1-B0D9-C460D465A410}.Release|Any CPU.ActiveCfg = Release|Any CPU
		{7CB11ED6-231C-44A1-B0D9-C460D465A410}.Release|Any CPU.Build.0 = Release|Any CPU
		{D497E1ED-C394-4486-8813-E3339079B086}.Debug|Any CPU.ActiveCfg = Debug|Any CPU
		{D497E1ED-C394-4486-8813-E3339079B086}.Debug|Any CPU.Build.0 = Debug|Any CPU
		{D497E1ED-C394-4486-8813-E3339079B086}.Release|Any CPU.ActiveCfg = Release|Any CPU
		{D497E1ED-C394-4486-8813-E3339079B086}.Release|Any CPU.Build.0 = Release|Any CPU
		{4CE81209-DE87-42F5-99CB-871164B33524}.Debug|Any CPU.ActiveCfg = Debug|Any CPU
		{4CE81209-DE87-42F5-99CB-871164B33524}.Debug|Any CPU.Build.0 = Debug|Any CPU
		{4CE81209-DE87-42F5-99CB-871164B33524}.Release|Any CPU.ActiveCfg = Release|Any CPU
		{4CE81209-DE87-42F5-99CB-871164B33524}.Release|Any CPU.Build.0 = Release|Any CPU
		{32786103-DA32-4D4B-B406-FB2F77EB92E6}.Debug|Any CPU.ActiveCfg = Debug|Any CPU
		{32786103-DA32-4D4B-B406-FB2F77EB92E6}.Debug|Any CPU.Build.0 = Debug|Any CPU
		{32786103-DA32-4D4B-B406-FB2F77EB92E6}.Release|Any CPU.ActiveCfg = Release|Any CPU
		{32786103-DA32-4D4B-B406-FB2F77EB92E6}.Release|Any CPU.Build.0 = Release|Any CPU
		{F794B0EA-A47E-4351-B7C6-AD5C816E60D4}.Debug|Any CPU.ActiveCfg = Debug|Any CPU
		{F794B0EA-A47E-4351-B7C6-AD5C816E60D4}.Debug|Any CPU.Build.0 = Debug|Any CPU
		{F794B0EA-A47E-4351-B7C6-AD5C816E60D4}.Release|Any CPU.ActiveCfg = Release|Any CPU
		{F794B0EA-A47E-4351-B7C6-AD5C816E60D4}.Release|Any CPU.Build.0 = Release|Any CPU
		{BF30D87E-8A91-4635-8AE9-E9320C030C58}.Debug|Any CPU.ActiveCfg = Debug|Any CPU
		{BF30D87E-8A91-4635-8AE9-E9320C030C58}.Debug|Any CPU.Build.0 = Debug|Any CPU
		{BF30D87E-8A91-4635-8AE9-E9320C030C58}.Release|Any CPU.ActiveCfg = Release|Any CPU
		{BF30D87E-8A91-4635-8AE9-E9320C030C58}.Release|Any CPU.Build.0 = Release|Any CPU
		{5EE18857-1E7B-40E2-869B-3A06DF626DFB}.Debug|Any CPU.ActiveCfg = Debug|Any CPU
		{5EE18857-1E7B-40E2-869B-3A06DF626DFB}.Debug|Any CPU.Build.0 = Debug|Any CPU
		{5EE18857-1E7B-40E2-869B-3A06DF626DFB}.Release|Any CPU.ActiveCfg = Release|Any CPU
		{5EE18857-1E7B-40E2-869B-3A06DF626DFB}.Release|Any CPU.Build.0 = Release|Any CPU
		{B0CA2E04-1D2E-43BF-9DED-09B2AEE033D9}.Debug|Any CPU.ActiveCfg = Debug|Any CPU
		{B0CA2E04-1D2E-43BF-9DED-09B2AEE033D9}.Debug|Any CPU.Build.0 = Debug|Any CPU
		{B0CA2E04-1D2E-43BF-9DED-09B2AEE033D9}.Release|Any CPU.ActiveCfg = Release|Any CPU
		{B0CA2E04-1D2E-43BF-9DED-09B2AEE033D9}.Release|Any CPU.Build.0 = Release|Any CPU
		{65EC0F0D-9F22-4263-B665-139401F0F81D}.Debug|Any CPU.ActiveCfg = Debug|Any CPU
		{65EC0F0D-9F22-4263-B665-139401F0F81D}.Debug|Any CPU.Build.0 = Debug|Any CPU
		{65EC0F0D-9F22-4263-B665-139401F0F81D}.Release|Any CPU.ActiveCfg = Release|Any CPU
		{65EC0F0D-9F22-4263-B665-139401F0F81D}.Release|Any CPU.Build.0 = Release|Any CPU
		{92D2CAA9-B5E4-48D2-9E77-AD2E29310B1B}.Debug|Any CPU.ActiveCfg = Debug|Any CPU
		{92D2CAA9-B5E4-48D2-9E77-AD2E29310B1B}.Debug|Any CPU.Build.0 = Debug|Any CPU
		{92D2CAA9-B5E4-48D2-9E77-AD2E29310B1B}.Release|Any CPU.ActiveCfg = Release|Any CPU
		{92D2CAA9-B5E4-48D2-9E77-AD2E29310B1B}.Release|Any CPU.Build.0 = Release|Any CPU
		{E958D136-311F-48C5-A79F-3D1B5A4EDEC7}.Debug|Any CPU.ActiveCfg = Debug|Any CPU
		{E958D136-311F-48C5-A79F-3D1B5A4EDEC7}.Debug|Any CPU.Build.0 = Debug|Any CPU
		{E958D136-311F-48C5-A79F-3D1B5A4EDEC7}.Release|Any CPU.ActiveCfg = Release|Any CPU
		{E958D136-311F-48C5-A79F-3D1B5A4EDEC7}.Release|Any CPU.Build.0 = Release|Any CPU
		{3900D364-B07C-4D22-AF5D-88E880FB9CC9}.Debug|Any CPU.ActiveCfg = Debug|Any CPU
		{3900D364-B07C-4D22-AF5D-88E880FB9CC9}.Debug|Any CPU.Build.0 = Debug|Any CPU
		{3900D364-B07C-4D22-AF5D-88E880FB9CC9}.Release|Any CPU.ActiveCfg = Release|Any CPU
		{3900D364-B07C-4D22-AF5D-88E880FB9CC9}.Release|Any CPU.Build.0 = Release|Any CPU
		{8746FBF9-1757-4797-893D-99A6C263D52B}.Debug|Any CPU.ActiveCfg = Debug|Any CPU
		{8746FBF9-1757-4797-893D-99A6C263D52B}.Debug|Any CPU.Build.0 = Debug|Any CPU
		{8746FBF9-1757-4797-893D-99A6C263D52B}.Release|Any CPU.ActiveCfg = Release|Any CPU
		{8746FBF9-1757-4797-893D-99A6C263D52B}.Release|Any CPU.Build.0 = Release|Any CPU
	EndGlobalSection
	GlobalSection(SolutionProperties) = preSolution
		HideSolutionNode = FALSE
	EndGlobalSection
	GlobalSection(NestedProjects) = preSolution
		{21106D67-515F-4B39-A9F0-E7FD26373FE7} = {983157F8-B2FD-4CF6-B9D6-8D0F6C8014CA}
		{C2770B65-46F6-42B5-81FF-7C097AC26024} = {867FAFF7-D4C4-42AF-958B-B08DB7683EF0}
		{485A380F-7E42-4A24-8D09-85634E25B245} = {2A82A1C6-B2B8-4F28-98CD-B32F70F5F0CA}
		{878E3129-61A9-4E3B-81E8-FF0BAFB740E9} = {2A82A1C6-B2B8-4F28-98CD-B32F70F5F0CA}
		{7CB11ED6-231C-44A1-B0D9-C460D465A410} = {2A82A1C6-B2B8-4F28-98CD-B32F70F5F0CA}
		{D497E1ED-C394-4486-8813-E3339079B086} = {A43F69F5-7EBA-48E7-B7CB-8DFA30562674}
		{4CE81209-DE87-42F5-99CB-871164B33524} = {A43F69F5-7EBA-48E7-B7CB-8DFA30562674}
		{32786103-DA32-4D4B-B406-FB2F77EB92E6} = {A43F69F5-7EBA-48E7-B7CB-8DFA30562674}
		{F794B0EA-A47E-4351-B7C6-AD5C816E60D4} = {1BB737AD-49B6-4B08-AEEF-2679A70332FB}
		{BF30D87E-8A91-4635-8AE9-E9320C030C58} = {1BB737AD-49B6-4B08-AEEF-2679A70332FB}
		{5EE18857-1E7B-40E2-869B-3A06DF626DFB} = {1BB737AD-49B6-4B08-AEEF-2679A70332FB}
		{B0CA2E04-1D2E-43BF-9DED-09B2AEE033D9} = {61312E25-00B9-4803-B96D-C3A71F645EFD}
		{65EC0F0D-9F22-4263-B665-139401F0F81D} = {61312E25-00B9-4803-B96D-C3A71F645EFD}
		{92D2CAA9-B5E4-48D2-9E77-AD2E29310B1B} = {61312E25-00B9-4803-B96D-C3A71F645EFD}
		{E958D136-311F-48C5-A79F-3D1B5A4EDEC7} = {ADAA1224-3583-436D-921F-502DDE078BBE}
		{3900D364-B07C-4D22-AF5D-88E880FB9CC9} = {ADAA1224-3583-436D-921F-502DDE078BBE}
		{8746FBF9-1757-4797-893D-99A6C263D52B} = {ADAA1224-3583-436D-921F-502DDE078BBE}
	EndGlobalSection
	GlobalSection(ExtensibilityGlobals) = postSolution
		SolutionGuid = {C3464B6C-2306-4B30-89D3-1C5009521C95}
	EndGlobalSection
EndGlobal
